Microsoft Visual Studio Solution File, Format Version 12.00
# Visual Studio Version 16
VisualStudioVersion = 16.0.29306.81
MinimumVisualStudioVersion = 10.0.40219.1
Project("{2150E333-8FDC-42A3-9474-1A3956D46DE8}") = "Shell", "Shell", "{DA355AD8-E10D-4237-9E5B-53C88DEFC571}"
EndProject
Project("{2150E333-8FDC-42A3-9474-1A3956D46DE8}") = "Module", "Module", "{0838067C-9A27-4230-9CF8-C443CAC3069A}"
EndProject
Project("{9A19103F-16F7-4668-BE54-9A1E7A4F7556}") = "Rack.GeoSections", "Rack.GeoSections\Rack.GeoSections.csproj", "{A66690E2-C9A4-411C-9D63-B52157B195C3}"
EndProject
Project("{9A19103F-16F7-4668-BE54-9A1E7A4F7556}") = "Rack.Shared", "..\..\Shell\Rack.Shared\Rack.Shared.csproj", "{A603E527-CB87-467A-B339-8C728AA40E0F}"
EndProject
Project("{9A19103F-16F7-4668-BE54-9A1E7A4F7556}") = "Rack.GeoTools", "..\..\Shell\Rack.GeoTools\Rack.GeoTools.csproj", "{D261A85F-04DA-45FD-A1C7-BE3665DE6B7B}"
EndProject
Project("{9A19103F-16F7-4668-BE54-9A1E7A4F7556}") = "Rack", "..\..\Shell\Rack\Rack.csproj", "{3C4C2FA5-171B-4999-B2C1-DD0D579200D7}"
EndProject
Project("{9A19103F-16F7-4668-BE54-9A1E7A4F7556}") = "Rack.CopyFiles", "..\..\Shell\Rack.CopyFiles\Rack.CopyFiles.csproj", "{8AD82916-0242-4ED0-AA03-2B91B405FAFD}"
EndProject
Project("{9A19103F-16F7-4668-BE54-9A1E7A4F7556}") = "Rack.Integrate", "..\..\Shell\Rack.Integrate\Rack.Integrate.csproj", "{A6D50D13-B4D8-4769-A4F7-5E20C3E8850B}"
EndProject
Project("{9A19103F-16F7-4668-BE54-9A1E7A4F7556}") = "Rack.LogViewer", "..\..\Shell\Rack.LogViewer\Rack.LogViewer.csproj", "{B27A9D63-D021-4908-8AC6-BCAFAB39F13F}"
EndProject
Project("{9A19103F-16F7-4668-BE54-9A1E7A4F7556}") = "Rack.LocalizationTool", "..\..\Shell\Rack.LocalizationTool\Rack.LocalizationTool.csproj", "{AF87E4D9-351B-4241-9043-7E5B8401B978}"
EndProject
Project("{9A19103F-16F7-4668-BE54-9A1E7A4F7556}") = "Rack.Localization", "..\..\Shell\Rack.Localization\Rack.Localization.csproj", "{36846E6A-5DDE-4303-BA4F-19F77F5A4E81}"
EndProject
Project("{9A19103F-16F7-4668-BE54-9A1E7A4F7556}") = "Rack.Exceptions", "..\..\Shell\Rack.Exceptions\Rack.Exceptions.csproj", "{E61080A3-7559-4CBE-947C-85715E055DAF}"
EndProject
Project("{9A19103F-16F7-4668-BE54-9A1E7A4F7556}") = "Rack.GeoTools.Wpf", "..\..\Shell\Rack.GeoTools.Wpf\Rack.GeoTools.Wpf.csproj", "{A5C6B586-DD76-4544-9DA8-D6FA2B5AEFCB}"
EndProject
Project("{9A19103F-16F7-4668-BE54-9A1E7A4F7556}") = "Rack.Navigation", "..\..\Shell\Rack.Navigation\Rack.Navigation.csproj", "{6F0D6069-F9E6-4538-B41B-4D228493A185}"
EndProject
Project("{9A19103F-16F7-4668-BE54-9A1E7A4F7556}") = "Rack.Wpf", "..\..\Shell\Rack.Wpf\Rack.Wpf.csproj", "{2DF90B5B-AC43-408F-97E2-8972054EF2FF}"
EndProject
Project("{9A19103F-16F7-4668-BE54-9A1E7A4F7556}") = "Rack.Reflection", "..\..\Shell\Rack.Reflection\Rack.Reflection.csproj", "{C45E233B-2F74-4938-A8E6-3C084F422972}"
EndProject
Project("{9A19103F-16F7-4668-BE54-9A1E7A4F7556}") = "Rack.CrossSectionUtils", "..\..\Shell\Rack.CrossSectionUtils\Rack.CrossSectionUtils.csproj", "{FE6D39D8-31E3-4A4A-B2C1-3F1FD780BAE7}"
EndProject
Global
	GlobalSection(SolutionConfigurationPlatforms) = preSolution
		Debug|Any CPU = Debug|Any CPU
		Debug|x86 = Debug|x86
		Release|Any CPU = Release|Any CPU
		Release|x86 = Release|x86
	EndGlobalSection
	GlobalSection(ProjectConfigurationPlatforms) = postSolution
		{A66690E2-C9A4-411C-9D63-B52157B195C3}.Debug|Any CPU.ActiveCfg = Debug|Any CPU
		{A66690E2-C9A4-411C-9D63-B52157B195C3}.Debug|Any CPU.Build.0 = Debug|Any CPU
		{A66690E2-C9A4-411C-9D63-B52157B195C3}.Debug|x86.ActiveCfg = Debug|Any CPU
		{A66690E2-C9A4-411C-9D63-B52157B195C3}.Debug|x86.Build.0 = Debug|Any CPU
		{A66690E2-C9A4-411C-9D63-B52157B195C3}.Release|Any CPU.ActiveCfg = Release|Any CPU
		{A66690E2-C9A4-411C-9D63-B52157B195C3}.Release|Any CPU.Build.0 = Release|Any CPU
		{A66690E2-C9A4-411C-9D63-B52157B195C3}.Release|x86.ActiveCfg = Release|Any CPU
		{A66690E2-C9A4-411C-9D63-B52157B195C3}.Release|x86.Build.0 = Release|Any CPU
		{A603E527-CB87-467A-B339-8C728AA40E0F}.Debug|Any CPU.ActiveCfg = Debug|Any CPU
		{A603E527-CB87-467A-B339-8C728AA40E0F}.Debug|Any CPU.Build.0 = Debug|Any CPU
		{A603E527-CB87-467A-B339-8C728AA40E0F}.Debug|x86.ActiveCfg = Debug|Any CPU
		{A603E527-CB87-467A-B339-8C728AA40E0F}.Debug|x86.Build.0 = Debug|Any CPU
		{A603E527-CB87-467A-B339-8C728AA40E0F}.Release|Any CPU.ActiveCfg = Release|Any CPU
		{A603E527-CB87-467A-B339-8C728AA40E0F}.Release|Any CPU.Build.0 = Release|Any CPU
		{A603E527-CB87-467A-B339-8C728AA40E0F}.Release|x86.ActiveCfg = Release|Any CPU
		{A603E527-CB87-467A-B339-8C728AA40E0F}.Release|x86.Build.0 = Release|Any CPU
		{D261A85F-04DA-45FD-A1C7-BE3665DE6B7B}.Debug|Any CPU.ActiveCfg = Debug|Any CPU
		{D261A85F-04DA-45FD-A1C7-BE3665DE6B7B}.Debug|Any CPU.Build.0 = Debug|Any CPU
		{D261A85F-04DA-45FD-A1C7-BE3665DE6B7B}.Debug|x86.ActiveCfg = Debug|Any CPU
		{D261A85F-04DA-45FD-A1C7-BE3665DE6B7B}.Debug|x86.Build.0 = Debug|Any CPU
		{D261A85F-04DA-45FD-A1C7-BE3665DE6B7B}.Release|Any CPU.ActiveCfg = Release|Any CPU
		{D261A85F-04DA-45FD-A1C7-BE3665DE6B7B}.Release|Any CPU.Build.0 = Release|Any CPU
		{D261A85F-04DA-45FD-A1C7-BE3665DE6B7B}.Release|x86.ActiveCfg = Release|Any CPU
		{D261A85F-04DA-45FD-A1C7-BE3665DE6B7B}.Release|x86.Build.0 = Release|Any CPU
		{3C4C2FA5-171B-4999-B2C1-DD0D579200D7}.Debug|Any CPU.ActiveCfg = Debug|Any CPU
		{3C4C2FA5-171B-4999-B2C1-DD0D579200D7}.Debug|Any CPU.Build.0 = Debug|Any CPU
		{3C4C2FA5-171B-4999-B2C1-DD0D579200D7}.Debug|x86.ActiveCfg = Debug|Any CPU
		{3C4C2FA5-171B-4999-B2C1-DD0D579200D7}.Debug|x86.Build.0 = Debug|Any CPU
		{3C4C2FA5-171B-4999-B2C1-DD0D579200D7}.Release|Any CPU.ActiveCfg = Release|Any CPU
		{3C4C2FA5-171B-4999-B2C1-DD0D579200D7}.Release|Any CPU.Build.0 = Release|Any CPU
		{3C4C2FA5-171B-4999-B2C1-DD0D579200D7}.Release|x86.ActiveCfg = Release|Any CPU
		{3C4C2FA5-171B-4999-B2C1-DD0D579200D7}.Release|x86.Build.0 = Release|Any CPU
		{8AD82916-0242-4ED0-AA03-2B91B405FAFD}.Debug|Any CPU.ActiveCfg = Debug|Any CPU
		{8AD82916-0242-4ED0-AA03-2B91B405FAFD}.Debug|Any CPU.Build.0 = Debug|Any CPU
		{8AD82916-0242-4ED0-AA03-2B91B405FAFD}.Debug|x86.ActiveCfg = Debug|Any CPU
		{8AD82916-0242-4ED0-AA03-2B91B405FAFD}.Debug|x86.Build.0 = Debug|Any CPU
		{8AD82916-0242-4ED0-AA03-2B91B405FAFD}.Release|Any CPU.ActiveCfg = Release|Any CPU
		{8AD82916-0242-4ED0-AA03-2B91B405FAFD}.Release|Any CPU.Build.0 = Release|Any CPU
		{8AD82916-0242-4ED0-AA03-2B91B405FAFD}.Release|x86.ActiveCfg = Release|Any CPU
		{8AD82916-0242-4ED0-AA03-2B91B405FAFD}.Release|x86.Build.0 = Release|Any CPU
		{A6D50D13-B4D8-4769-A4F7-5E20C3E8850B}.Debug|Any CPU.ActiveCfg = Debug|Any CPU
		{A6D50D13-B4D8-4769-A4F7-5E20C3E8850B}.Debug|Any CPU.Build.0 = Debug|Any CPU
		{A6D50D13-B4D8-4769-A4F7-5E20C3E8850B}.Debug|x86.ActiveCfg = Debug|Any CPU
		{A6D50D13-B4D8-4769-A4F7-5E20C3E8850B}.Debug|x86.Build.0 = Debug|Any CPU
		{A6D50D13-B4D8-4769-A4F7-5E20C3E8850B}.Release|Any CPU.ActiveCfg = Release|Any CPU
		{A6D50D13-B4D8-4769-A4F7-5E20C3E8850B}.Release|Any CPU.Build.0 = Release|Any CPU
		{A6D50D13-B4D8-4769-A4F7-5E20C3E8850B}.Release|x86.ActiveCfg = Release|Any CPU
		{A6D50D13-B4D8-4769-A4F7-5E20C3E8850B}.Release|x86.Build.0 = Release|Any CPU
		{B27A9D63-D021-4908-8AC6-BCAFAB39F13F}.Debug|Any CPU.ActiveCfg = Debug|Any CPU
		{B27A9D63-D021-4908-8AC6-BCAFAB39F13F}.Debug|Any CPU.Build.0 = Debug|Any CPU
		{B27A9D63-D021-4908-8AC6-BCAFAB39F13F}.Debug|x86.ActiveCfg = Debug|Any CPU
		{B27A9D63-D021-4908-8AC6-BCAFAB39F13F}.Debug|x86.Build.0 = Debug|Any CPU
		{B27A9D63-D021-4908-8AC6-BCAFAB39F13F}.Release|Any CPU.ActiveCfg = Release|Any CPU
		{B27A9D63-D021-4908-8AC6-BCAFAB39F13F}.Release|Any CPU.Build.0 = Release|Any CPU
		{B27A9D63-D021-4908-8AC6-BCAFAB39F13F}.Release|x86.ActiveCfg = Release|Any CPU
		{B27A9D63-D021-4908-8AC6-BCAFAB39F13F}.Release|x86.Build.0 = Release|Any CPU
		{AF87E4D9-351B-4241-9043-7E5B8401B978}.Debug|Any CPU.ActiveCfg = Debug|Any CPU
		{AF87E4D9-351B-4241-9043-7E5B8401B978}.Debug|Any CPU.Build.0 = Debug|Any CPU
		{AF87E4D9-351B-4241-9043-7E5B8401B978}.Debug|x86.ActiveCfg = Debug|Any CPU
		{AF87E4D9-351B-4241-9043-7E5B8401B978}.Debug|x86.Build.0 = Debug|Any CPU
		{AF87E4D9-351B-4241-9043-7E5B8401B978}.Release|Any CPU.ActiveCfg = Release|Any CPU
		{AF87E4D9-351B-4241-9043-7E5B8401B978}.Release|Any CPU.Build.0 = Release|Any CPU
		{AF87E4D9-351B-4241-9043-7E5B8401B978}.Release|x86.ActiveCfg = Release|Any CPU
		{AF87E4D9-351B-4241-9043-7E5B8401B978}.Release|x86.Build.0 = Release|Any CPU
		{36846E6A-5DDE-4303-BA4F-19F77F5A4E81}.Debug|Any CPU.ActiveCfg = Debug|Any CPU
		{36846E6A-5DDE-4303-BA4F-19F77F5A4E81}.Debug|Any CPU.Build.0 = Debug|Any CPU
		{36846E6A-5DDE-4303-BA4F-19F77F5A4E81}.Debug|x86.ActiveCfg = Debug|Any CPU
		{36846E6A-5DDE-4303-BA4F-19F77F5A4E81}.Debug|x86.Build.0 = Debug|Any CPU
		{36846E6A-5DDE-4303-BA4F-19F77F5A4E81}.Release|Any CPU.ActiveCfg = Release|Any CPU
		{36846E6A-5DDE-4303-BA4F-19F77F5A4E81}.Release|Any CPU.Build.0 = Release|Any CPU
		{36846E6A-5DDE-4303-BA4F-19F77F5A4E81}.Release|x86.ActiveCfg = Release|Any CPU
		{36846E6A-5DDE-4303-BA4F-19F77F5A4E81}.Release|x86.Build.0 = Release|Any CPU
		{E61080A3-7559-4CBE-947C-85715E055DAF}.Debug|Any CPU.ActiveCfg = Debug|Any CPU
		{E61080A3-7559-4CBE-947C-85715E055DAF}.Debug|Any CPU.Build.0 = Debug|Any CPU
		{E61080A3-7559-4CBE-947C-85715E055DAF}.Debug|x86.ActiveCfg = Debug|Any CPU
		{E61080A3-7559-4CBE-947C-85715E055DAF}.Debug|x86.Build.0 = Debug|Any CPU
		{E61080A3-7559-4CBE-947C-85715E055DAF}.Release|Any CPU.ActiveCfg = Release|Any CPU
		{E61080A3-7559-4CBE-947C-85715E055DAF}.Release|Any CPU.Build.0 = Release|Any CPU
		{E61080A3-7559-4CBE-947C-85715E055DAF}.Release|x86.ActiveCfg = Release|Any CPU
		{E61080A3-7559-4CBE-947C-85715E055DAF}.Release|x86.Build.0 = Release|Any CPU
		{A5C6B586-DD76-4544-9DA8-D6FA2B5AEFCB}.Debug|Any CPU.ActiveCfg = Debug|Any CPU
		{A5C6B586-DD76-4544-9DA8-D6FA2B5AEFCB}.Debug|Any CPU.Build.0 = Debug|Any CPU
		{A5C6B586-DD76-4544-9DA8-D6FA2B5AEFCB}.Debug|x86.ActiveCfg = Debug|Any CPU
		{A5C6B586-DD76-4544-9DA8-D6FA2B5AEFCB}.Debug|x86.Build.0 = Debug|Any CPU
		{A5C6B586-DD76-4544-9DA8-D6FA2B5AEFCB}.Release|Any CPU.ActiveCfg = Release|Any CPU
		{A5C6B586-DD76-4544-9DA8-D6FA2B5AEFCB}.Release|Any CPU.Build.0 = Release|Any CPU
		{A5C6B586-DD76-4544-9DA8-D6FA2B5AEFCB}.Release|x86.ActiveCfg = Release|Any CPU
		{A5C6B586-DD76-4544-9DA8-D6FA2B5AEFCB}.Release|x86.Build.0 = Release|Any CPU
		{6F0D6069-F9E6-4538-B41B-4D228493A185}.Debug|Any CPU.ActiveCfg = Debug|Any CPU
		{6F0D6069-F9E6-4538-B41B-4D228493A185}.Debug|Any CPU.Build.0 = Debug|Any CPU
		{6F0D6069-F9E6-4538-B41B-4D228493A185}.Debug|x86.ActiveCfg = Debug|Any CPU
		{6F0D6069-F9E6-4538-B41B-4D228493A185}.Debug|x86.Build.0 = Debug|Any CPU
		{6F0D6069-F9E6-4538-B41B-4D228493A185}.Release|Any CPU.ActiveCfg = Release|Any CPU
		{6F0D6069-F9E6-4538-B41B-4D228493A185}.Release|Any CPU.Build.0 = Release|Any CPU
		{6F0D6069-F9E6-4538-B41B-4D228493A185}.Release|x86.ActiveCfg = Release|Any CPU
		{6F0D6069-F9E6-4538-B41B-4D228493A185}.Release|x86.Build.0 = Release|Any CPU
		{2DF90B5B-AC43-408F-97E2-8972054EF2FF}.Debug|Any CPU.ActiveCfg = Debug|Any CPU
		{2DF90B5B-AC43-408F-97E2-8972054EF2FF}.Debug|Any CPU.Build.0 = Debug|Any CPU
		{2DF90B5B-AC43-408F-97E2-8972054EF2FF}.Debug|x86.ActiveCfg = Debug|Any CPU
		{2DF90B5B-AC43-408F-97E2-8972054EF2FF}.Debug|x86.Build.0 = Debug|Any CPU
		{2DF90B5B-AC43-408F-97E2-8972054EF2FF}.Release|Any CPU.ActiveCfg = Release|Any CPU
		{2DF90B5B-AC43-408F-97E2-8972054EF2FF}.Release|Any CPU.Build.0 = Release|Any CPU
		{2DF90B5B-AC43-408F-97E2-8972054EF2FF}.Release|x86.ActiveCfg = Release|Any CPU
		{2DF90B5B-AC43-408F-97E2-8972054EF2FF}.Release|x86.Build.0 = Release|Any CPU
		{C45E233B-2F74-4938-A8E6-3C084F422972}.Debug|Any CPU.ActiveCfg = Debug|Any CPU
		{C45E233B-2F74-4938-A8E6-3C084F422972}.Debug|Any CPU.Build.0 = Debug|Any CPU
		{C45E233B-2F74-4938-A8E6-3C084F422972}.Debug|x86.ActiveCfg = Debug|Any CPU
		{C45E233B-2F74-4938-A8E6-3C084F422972}.Debug|x86.Build.0 = Debug|Any CPU
		{C45E233B-2F74-4938-A8E6-3C084F422972}.Release|Any CPU.ActiveCfg = Release|Any CPU
		{C45E233B-2F74-4938-A8E6-3C084F422972}.Release|Any CPU.Build.0 = Release|Any CPU
		{C45E233B-2F74-4938-A8E6-3C084F422972}.Release|x86.ActiveCfg = Release|Any CPU
		{C45E233B-2F74-4938-A8E6-3C084F422972}.Release|x86.Build.0 = Release|Any CPU
		{FE6D39D8-31E3-4A4A-B2C1-3F1FD780BAE7}.Debug|Any CPU.ActiveCfg = Debug|Any CPU
		{FE6D39D8-31E3-4A4A-B2C1-3F1FD780BAE7}.Debug|Any CPU.Build.0 = Debug|Any CPU
		{FE6D39D8-31E3-4A4A-B2C1-3F1FD780BAE7}.Debug|x86.ActiveCfg = Debug|Any CPU
		{FE6D39D8-31E3-4A4A-B2C1-3F1FD780BAE7}.Debug|x86.Build.0 = Debug|Any CPU
		{FE6D39D8-31E3-4A4A-B2C1-3F1FD780BAE7}.Release|Any CPU.ActiveCfg = Release|Any CPU
		{FE6D39D8-31E3-4A4A-B2C1-3F1FD780BAE7}.Release|Any CPU.Build.0 = Release|Any CPU
		{FE6D39D8-31E3-4A4A-B2C1-3F1FD780BAE7}.Release|x86.ActiveCfg = Release|Any CPU
		{FE6D39D8-31E3-4A4A-B2C1-3F1FD780BAE7}.Release|x86.Build.0 = Release|Any CPU
	EndGlobalSection
	GlobalSection(SolutionProperties) = preSolution
		HideSolutionNode = FALSE
	EndGlobalSection
	GlobalSection(NestedProjects) = preSolution
		{A66690E2-C9A4-411C-9D63-B52157B195C3} = {0838067C-9A27-4230-9CF8-C443CAC3069A}
		{A603E527-CB87-467A-B339-8C728AA40E0F} = {DA355AD8-E10D-4237-9E5B-53C88DEFC571}
		{D261A85F-04DA-45FD-A1C7-BE3665DE6B7B} = {DA355AD8-E10D-4237-9E5B-53C88DEFC571}
		{3C4C2FA5-171B-4999-B2C1-DD0D579200D7} = {DA355AD8-E10D-4237-9E5B-53C88DEFC571}
		{8AD82916-0242-4ED0-AA03-2B91B405FAFD} = {DA355AD8-E10D-4237-9E5B-53C88DEFC571}
		{A6D50D13-B4D8-4769-A4F7-5E20C3E8850B} = {DA355AD8-E10D-4237-9E5B-53C88DEFC571}
		{B27A9D63-D021-4908-8AC6-BCAFAB39F13F} = {DA355AD8-E10D-4237-9E5B-53C88DEFC571}
		{AF87E4D9-351B-4241-9043-7E5B8401B978} = {DA355AD8-E10D-4237-9E5B-53C88DEFC571}
		{36846E6A-5DDE-4303-BA4F-19F77F5A4E81} = {DA355AD8-E10D-4237-9E5B-53C88DEFC571}
		{E61080A3-7559-4CBE-947C-85715E055DAF} = {DA355AD8-E10D-4237-9E5B-53C88DEFC571}
		{A5C6B586-DD76-4544-9DA8-D6FA2B5AEFCB} = {DA355AD8-E10D-4237-9E5B-53C88DEFC571}
		{6F0D6069-F9E6-4538-B41B-4D228493A185} = {DA355AD8-E10D-4237-9E5B-53C88DEFC571}
		{2DF90B5B-AC43-408F-97E2-8972054EF2FF} = {DA355AD8-E10D-4237-9E5B-53C88DEFC571}
		{C45E233B-2F74-4938-A8E6-3C084F422972} = {DA355AD8-E10D-4237-9E5B-53C88DEFC571}
		{FE6D39D8-31E3-4A4A-B2C1-3F1FD780BAE7} = {DA355AD8-E10D-4237-9E5B-53C88DEFC571}
	EndGlobalSection
	GlobalSection(ExtensibilityGlobals) = postSolution
		SolutionGuid = {4BDADEEC-92A4-47E6-8A7E-82FC1D8932C6}
	EndGlobalSection
EndGlobal
